// !$*UTF8*$!
{
	archiveVersion = 1;
	classes = {
	};
	objectVersion = 50;
	objects = {

/* Begin PBXBuildFile section */
		17D5FE05217A71DF0023E266 /* AppDelegate.m in Sources */ = {isa = PBXBuildFile; fileRef = 17D5FE04217A71DF0023E266 /* AppDelegate.m */; };
		17D5FE0E217A71DF0023E266 /* ProtoBlue.xcdatamodeld in Sources */ = {isa = PBXBuildFile; fileRef = 17D5FE0C217A71DF0023E266 /* ProtoBlue.xcdatamodeld */; };
		17D5FE10217A71E10023E266 /* Assets.xcassets in Resources */ = {isa = PBXBuildFile; fileRef = 17D5FE0F217A71E10023E266 /* Assets.xcassets */; };
		17D5FE16217A71E10023E266 /* main.m in Sources */ = {isa = PBXBuildFile; fileRef = 17D5FE15217A71E10023E266 /* main.m */; };
		17D5FE20217A71E10023E266 /* ProtoBlueTests.m in Sources */ = {isa = PBXBuildFile; fileRef = 17D5FE1F217A71E10023E266 /* ProtoBlueTests.m */; };
		17D5FE2B217A71E10023E266 /* ProtoBlueUITests.m in Sources */ = {isa = PBXBuildFile; fileRef = 17D5FE2A217A71E10023E266 /* ProtoBlueUITests.m */; };
		17D5FE3C217A74CA0023E266 /* InterfaceController.swift in Sources */ = {isa = PBXBuildFile; fileRef = 17D5FE3B217A74CA0023E266 /* InterfaceController.swift */; };
		17D5FE40217A755A0023E266 /* CoreBluetooth.framework in Frameworks */ = {isa = PBXBuildFile; fileRef = 17D5FE3F217A755A0023E266 /* CoreBluetooth.framework */; };
		17D5FE42217A75910023E266 /* ProtoBlue_Entitlements.plist in Resources */ = {isa = PBXBuildFile; fileRef = 17D5FE41217A75910023E266 /* ProtoBlue_Entitlements.plist */; };
		17D5FE55217A7FD00023E266 /* HomeViewController.swift in Sources */ = {isa = PBXBuildFile; fileRef = 17D5FE54217A7FD00023E266 /* HomeViewController.swift */; };
		17D5FE57217A7FF40023E266 /* DebugViewController.swift in Sources */ = {isa = PBXBuildFile; fileRef = 17D5FE56217A7FF40023E266 /* DebugViewController.swift */; };
		17D5FE59217A80190023E266 /* LedControlViewController.swift in Sources */ = {isa = PBXBuildFile; fileRef = 17D5FE58217A80190023E266 /* LedControlViewController.swift */; };
		17D5FE5B217A803E0023E266 /* BluetoothViewController.swift in Sources */ = {isa = PBXBuildFile; fileRef = 17D5FE5A217A803E0023E266 /* BluetoothViewController.swift */; };
		17D5FE5D217A81070023E266 /* FlashMemViewController.swift in Sources */ = {isa = PBXBuildFile; fileRef = 17D5FE5C217A81070023E266 /* FlashMemViewController.swift */; };
		17D5FE60217A88140023E266 /* CLPDevice.m in Sources */ = {isa = PBXBuildFile; fileRef = 17D5FE5F217A88140023E266 /* CLPDevice.m */; };
		17D5FE62217A95770023E266 /* LoadingModalView.swift in Sources */ = {isa = PBXBuildFile; fileRef = 17D5FE61217A95770023E266 /* LoadingModalView.swift */; };
		17D5FE9F217AAEF40023E266 /* CLPOperation.m in Sources */ = {isa = PBXBuildFile; fileRef = 17D5FE9E217AAEF40023E266 /* CLPOperation.m */; };
/* End PBXBuildFile section */

/* Begin PBXContainerItemProxy section */
		17D5FE1C217A71E10023E266 /* PBXContainerItemProxy */ = {
			isa = PBXContainerItemProxy;
			containerPortal = 17D5FDF8217A71DF0023E266 /* Project object */;
			proxyType = 1;
			remoteGlobalIDString = 17D5FDFF217A71DF0023E266;
			remoteInfo = ProtoBlue;
		};
		17D5FE27217A71E10023E266 /* PBXContainerItemProxy */ = {
			isa = PBXContainerItemProxy;
			containerPortal = 17D5FDF8217A71DF0023E266 /* Project object */;
			proxyType = 1;
			remoteGlobalIDString = 17D5FDFF217A71DF0023E266;
			remoteInfo = ProtoBlue;
		};
/* End PBXContainerItemProxy section */

/* Begin PBXFileReference section */
		1735EB80217D4423004BF9C9 /* specification.h */ = {isa = PBXFileReference; lastKnownFileType = sourcecode.c.h; path = specification.h; sourceTree = "<group>"; };
		17D5FE00217A71DF0023E266 /* ProtoBlue.app */ = {isa = PBXFileReference; explicitFileType = wrapper.application; includeInIndex = 0; path = ProtoBlue.app; sourceTree = BUILT_PRODUCTS_DIR; };
		17D5FE03217A71DF0023E266 /* AppDelegate.h */ = {isa = PBXFileReference; lastKnownFileType = sourcecode.c.h; path = AppDelegate.h; sourceTree = "<group>"; };
		17D5FE04217A71DF0023E266 /* AppDelegate.m */ = {isa = PBXFileReference; lastKnownFileType = sourcecode.c.objc; path = AppDelegate.m; sourceTree = "<group>"; };
		17D5FE0D217A71DF0023E266 /* ProtoBlue.xcdatamodel */ = {isa = PBXFileReference; lastKnownFileType = wrapper.xcdatamodel; path = ProtoBlue.xcdatamodel; sourceTree = "<group>"; };
		17D5FE0F217A71E10023E266 /* Assets.xcassets */ = {isa = PBXFileReference; lastKnownFileType = folder.assetcatalog; path = Assets.xcassets; sourceTree = "<group>"; };
		17D5FE14217A71E10023E266 /* Info.plist */ = {isa = PBXFileReference; lastKnownFileType = text.plist.xml; path = Info.plist; sourceTree = "<group>"; };
		17D5FE15217A71E10023E266 /* main.m */ = {isa = PBXFileReference; lastKnownFileType = sourcecode.c.objc; path = main.m; sourceTree = "<group>"; };
		17D5FE1B217A71E10023E266 /* ProtoBlueTests.xctest */ = {isa = PBXFileReference; explicitFileType = wrapper.cfbundle; includeInIndex = 0; path = ProtoBlueTests.xctest; sourceTree = BUILT_PRODUCTS_DIR; };
		17D5FE1F217A71E10023E266 /* ProtoBlueTests.m */ = {isa = PBXFileReference; lastKnownFileType = sourcecode.c.objc; path = ProtoBlueTests.m; sourceTree = "<group>"; };
		17D5FE21217A71E10023E266 /* Info.plist */ = {isa = PBXFileReference; lastKnownFileType = text.plist.xml; path = Info.plist; sourceTree = "<group>"; };
		17D5FE26217A71E10023E266 /* ProtoBlueUITests.xctest */ = {isa = PBXFileReference; explicitFileType = wrapper.cfbundle; includeInIndex = 0; path = ProtoBlueUITests.xctest; sourceTree = BUILT_PRODUCTS_DIR; };
		17D5FE2A217A71E10023E266 /* ProtoBlueUITests.m */ = {isa = PBXFileReference; lastKnownFileType = sourcecode.c.objc; path = ProtoBlueUITests.m; sourceTree = "<group>"; };
		17D5FE2C217A71E10023E266 /* Info.plist */ = {isa = PBXFileReference; lastKnownFileType = text.plist.xml; path = Info.plist; sourceTree = "<group>"; };
		17D5FE3A217A74C90023E266 /* ProtoBlue-Bridging-Header.h */ = {isa = PBXFileReference; lastKnownFileType = sourcecode.c.h; path = "ProtoBlue-Bridging-Header.h"; sourceTree = "<group>"; };
		17D5FE3B217A74CA0023E266 /* InterfaceController.swift */ = {isa = PBXFileReference; lastKnownFileType = sourcecode.swift; path = InterfaceController.swift; sourceTree = "<group>"; };
		17D5FE3F217A755A0023E266 /* CoreBluetooth.framework */ = {isa = PBXFileReference; lastKnownFileType = wrapper.framework; name = CoreBluetooth.framework; path = System/Library/Frameworks/CoreBluetooth.framework; sourceTree = SDKROOT; };
		17D5FE41217A75910023E266 /* ProtoBlue_Entitlements.plist */ = {isa = PBXFileReference; lastKnownFileType = text.plist.xml; path = ProtoBlue_Entitlements.plist; sourceTree = "<group>"; };
		17D5FE54217A7FD00023E266 /* HomeViewController.swift */ = {isa = PBXFileReference; lastKnownFileType = sourcecode.swift; path = HomeViewController.swift; sourceTree = "<group>"; };
		17D5FE56217A7FF40023E266 /* DebugViewController.swift */ = {isa = PBXFileReference; lastKnownFileType = sourcecode.swift; path = DebugViewController.swift; sourceTree = "<group>"; };
		17D5FE58217A80190023E266 /* LedControlViewController.swift */ = {isa = PBXFileReference; lastKnownFileType = sourcecode.swift; path = LedControlViewController.swift; sourceTree = "<group>"; };
		17D5FE5A217A803E0023E266 /* BluetoothViewController.swift */ = {isa = PBXFileReference; lastKnownFileType = sourcecode.swift; path = BluetoothViewController.swift; sourceTree = "<group>"; };
		17D5FE5C217A81070023E266 /* FlashMemViewController.swift */ = {isa = PBXFileReference; lastKnownFileType = sourcecode.swift; path = FlashMemViewController.swift; sourceTree = "<group>"; };
		17D5FE5E217A88140023E266 /* CLPDevice.h */ = {isa = PBXFileReference; lastKnownFileType = sourcecode.c.h; path = CLPDevice.h; sourceTree = "<group>"; };
		17D5FE5F217A88140023E266 /* CLPDevice.m */ = {isa = PBXFileReference; lastKnownFileType = sourcecode.c.objc; path = CLPDevice.m; sourceTree = "<group>"; };
		17D5FE61217A95770023E266 /* LoadingModalView.swift */ = {isa = PBXFileReference; lastKnownFileType = sourcecode.swift; path = LoadingModalView.swift; sourceTree = "<group>"; };
		17D5FE63217A9C2D0023E266 /* ProtoBlue-Definitions.h */ = {isa = PBXFileReference; lastKnownFileType = sourcecode.c.h; path = "ProtoBlue-Definitions.h"; sourceTree = "<group>"; };
		17D5FE9D217AAEF40023E266 /* CLPOperation.h */ = {isa = PBXFileReference; lastKnownFileType = sourcecode.c.h; path = CLPOperation.h; sourceTree = "<group>"; };
		17D5FE9E217AAEF40023E266 /* CLPOperation.m */ = {isa = PBXFileReference; lastKnownFileType = sourcecode.c.objc; path = CLPOperation.m; sourceTree = "<group>"; };
/* End PBXFileReference section */

/* Begin PBXFrameworksBuildPhase section */
		17D5FDFD217A71DF0023E266 /* Frameworks */ = {
			isa = PBXFrameworksBuildPhase;
			buildActionMask = 2147483647;
			files = (
				17D5FE40217A755A0023E266 /* CoreBluetooth.framework in Frameworks */,
			);
			runOnlyForDeploymentPostprocessing = 0;
		};
		17D5FE18217A71E10023E266 /* Frameworks */ = {
			isa = PBXFrameworksBuildPhase;
			buildActionMask = 2147483647;
			files = (
			);
			runOnlyForDeploymentPostprocessing = 0;
		};
		17D5FE23217A71E10023E266 /* Frameworks */ = {
			isa = PBXFrameworksBuildPhase;
			buildActionMask = 2147483647;
			files = (
			);
			runOnlyForDeploymentPostprocessing = 0;
		};
/* End PBXFrameworksBuildPhase section */

/* Begin PBXGroup section */
		1735EB7F217D4181004BF9C9 /* include */ = {
			isa = PBXGroup;
			children = (
				1735EB80217D4423004BF9C9 /* specification.h */,
			);
			path = include;
			sourceTree = "<group>";
		};
		176C0220218248830050D0BB /* Services */ = {
			isa = PBXGroup;
			children = (
			);
			path = Services;
			sourceTree = "<group>";
		};
		176C0221218248910050D0BB /* CLPDeviceFrameworks */ = {
			isa = PBXGroup;
			children = (
				1735EB7F217D4181004BF9C9 /* include */,
				17D5FE39217A71FC0023E266 /* CLPDevice */,
				17D5FEA0217AB0FF0023E266 /* CLPWifi */,
			);
			path = CLPDeviceFrameworks;
			sourceTree = "<group>";
		};
		17D5FDF7217A71DF0023E266 = {
			isa = PBXGroup;
			children = (
				17D5FE02217A71DF0023E266 /* ProtoBlue */,
				17D5FE1E217A71E10023E266 /* ProtoBlueTests */,
				17D5FE29217A71E10023E266 /* ProtoBlueUITests */,
				17D5FE01217A71DF0023E266 /* Products */,
				17D5FE3E217A755A0023E266 /* Frameworks */,
			);
			sourceTree = "<group>";
		};
		17D5FE01217A71DF0023E266 /* Products */ = {
			isa = PBXGroup;
			children = (
				17D5FE00217A71DF0023E266 /* ProtoBlue.app */,
				17D5FE1B217A71E10023E266 /* ProtoBlueTests.xctest */,
				17D5FE26217A71E10023E266 /* ProtoBlueUITests.xctest */,
			);
			name = Products;
			sourceTree = "<group>";
		};
		17D5FE02217A71DF0023E266 /* ProtoBlue */ = {
			isa = PBXGroup;
			children = (
				17D5FE03217A71DF0023E266 /* AppDelegate.h */,
				17D5FE04217A71DF0023E266 /* AppDelegate.m */,
				17D5FE38217A71F60023E266 /* Interface */,
				176C0220218248830050D0BB /* Services */,
				17D5FE43217A761B0023E266 /* Utilites */,
				176C0221218248910050D0BB /* CLPDeviceFrameworks */,
				17D5FE0F217A71E10023E266 /* Assets.xcassets */,
				17D5FE14217A71E10023E266 /* Info.plist */,
				17D5FE15217A71E10023E266 /* main.m */,
				17D5FE0C217A71DF0023E266 /* ProtoBlue.xcdatamodeld */,
				17D5FE3D217A74D20023E266 /* Supporting Files */,
			);
			path = ProtoBlue;
			sourceTree = "<group>";
		};
		17D5FE1E217A71E10023E266 /* ProtoBlueTests */ = {
			isa = PBXGroup;
			children = (
				17D5FE1F217A71E10023E266 /* ProtoBlueTests.m */,
				17D5FE21217A71E10023E266 /* Info.plist */,
			);
			path = ProtoBlueTests;
			sourceTree = "<group>";
		};
		17D5FE29217A71E10023E266 /* ProtoBlueUITests */ = {
			isa = PBXGroup;
			children = (
				17D5FE2A217A71E10023E266 /* ProtoBlueUITests.m */,
				17D5FE2C217A71E10023E266 /* Info.plist */,
			);
			path = ProtoBlueUITests;
			sourceTree = "<group>";
		};
		17D5FE38217A71F60023E266 /* Interface */ = {
			isa = PBXGroup;
			children = (
				17D5FE3B217A74CA0023E266 /* InterfaceController.swift */,
				17D5FE45217A76360023E266 /* ViewControllers */,
				17D5FE47217A76680023E266 /* Extenstions */,
				17D5FE46217A765F0023E266 /* Elements */,
			);
			path = Interface;
			sourceTree = "<group>";
		};
		17D5FE39217A71FC0023E266 /* CLPDevice */ = {
			isa = PBXGroup;
			children = (
				17D5FE5E217A88140023E266 /* CLPDevice.h */,
				17D5FE5F217A88140023E266 /* CLPDevice.m */,
				17D5FE9D217AAEF40023E266 /* CLPOperation.h */,
				17D5FE9E217AAEF40023E266 /* CLPOperation.m */,
			);
			path = CLPDevice;
			sourceTree = "<group>";
		};
		17D5FE3D217A74D20023E266 /* Supporting Files */ = {
			isa = PBXGroup;
			children = (
				17D5FE3A217A74C90023E266 /* ProtoBlue-Bridging-Header.h */,
				17D5FE63217A9C2D0023E266 /* ProtoBlue-Definitions.h */,
				17D5FE41217A75910023E266 /* ProtoBlue_Entitlements.plist */,
			);
			path = "Supporting Files";
			sourceTree = "<group>";
		};
		17D5FE3E217A755A0023E266 /* Frameworks */ = {
			isa = PBXGroup;
			children = (
				17D5FE3F217A755A0023E266 /* CoreBluetooth.framework */,
			);
			name = Frameworks;
			sourceTree = "<group>";
		};
		17D5FE43217A761B0023E266 /* Utilites */ = {
			isa = PBXGroup;
			children = (
				17D5FE4F217A76F80023E266 /* Chores */,
				17D5FE51217A77070023E266 /* StorageUtil */,
				17D5FE50217A76FD0023E266 /* MemoryUtil */,
			);
			path = Utilites;
			sourceTree = "<group>";
		};
		17D5FE45217A76360023E266 /* ViewControllers */ = {
			isa = PBXGroup;
			children = (
				17D5FE54217A7FD00023E266 /* HomeViewController.swift */,
				17D5FE56217A7FF40023E266 /* DebugViewController.swift */,
				17D5FE58217A80190023E266 /* LedControlViewController.swift */,
				17D5FE5A217A803E0023E266 /* BluetoothViewController.swift */,
				17D5FE5C217A81070023E266 /* FlashMemViewController.swift */,
				17D5FE4B217A76B30023E266 /* Modals */,
			);
			path = ViewControllers;
			sourceTree = "<group>";
		};
		17D5FE46217A765F0023E266 /* Elements */ = {
			isa = PBXGroup;
			children = (
			);
			path = Elements;
			sourceTree = "<group>";
		};
		17D5FE47217A76680023E266 /* Extenstions */ = {
			isa = PBXGroup;
			children = (
			);
			path = Extenstions;
			sourceTree = "<group>";
		};
		17D5FE4B217A76B30023E266 /* Modals */ = {
			isa = PBXGroup;
			children = (
				17D5FE61217A95770023E266 /* LoadingModalView.swift */,
			);
			path = Modals;
			sourceTree = "<group>";
		};
		17D5FE4F217A76F80023E266 /* Chores */ = {
			isa = PBXGroup;
			children = (
			);
			path = Chores;
			sourceTree = "<group>";
		};
		17D5FE50217A76FD0023E266 /* MemoryUtil */ = {
			isa = PBXGroup;
			children = (
			);
			path = MemoryUtil;
			sourceTree = "<group>";
		};
		17D5FE51217A77070023E266 /* StorageUtil */ = {
			isa = PBXGroup;
			children = (
			);
			path = StorageUtil;
			sourceTree = "<group>";
		};
		17D5FEA0217AB0FF0023E266 /* CLPWifi */ = {
			isa = PBXGroup;
			children = (
			);
			path = CLPWifi;
			sourceTree = "<group>";
		};
/* End PBXGroup section */

/* Begin PBXNativeTarget section */
		17D5FDFF217A71DF0023E266 /* ProtoBlue */ = {
			isa = PBXNativeTarget;
			buildConfigurationList = 17D5FE2F217A71E10023E266 /* Build configuration list for PBXNativeTarget "ProtoBlue" */;
			buildPhases = (
				17D5FDFC217A71DF0023E266 /* Sources */,
				17D5FDFD217A71DF0023E266 /* Frameworks */,
				17D5FDFE217A71DF0023E266 /* Resources */,
			);
			buildRules = (
			);
			dependencies = (
			);
			name = ProtoBlue;
			productName = ProtoBlue;
			productReference = 17D5FE00217A71DF0023E266 /* ProtoBlue.app */;
			productType = "com.apple.product-type.application";
		};
		17D5FE1A217A71E10023E266 /* ProtoBlueTests */ = {
			isa = PBXNativeTarget;
			buildConfigurationList = 17D5FE32217A71E10023E266 /* Build configuration list for PBXNativeTarget "ProtoBlueTests" */;
			buildPhases = (
				17D5FE17217A71E10023E266 /* Sources */,
				17D5FE18217A71E10023E266 /* Frameworks */,
				17D5FE19217A71E10023E266 /* Resources */,
			);
			buildRules = (
			);
			dependencies = (
				17D5FE1D217A71E10023E266 /* PBXTargetDependency */,
			);
			name = ProtoBlueTests;
			productName = ProtoBlueTests;
			productReference = 17D5FE1B217A71E10023E266 /* ProtoBlueTests.xctest */;
			productType = "com.apple.product-type.bundle.unit-test";
		};
		17D5FE25217A71E10023E266 /* ProtoBlueUITests */ = {
			isa = PBXNativeTarget;
			buildConfigurationList = 17D5FE35217A71E10023E266 /* Build configuration list for PBXNativeTarget "ProtoBlueUITests" */;
			buildPhases = (
				17D5FE22217A71E10023E266 /* Sources */,
				17D5FE23217A71E10023E266 /* Frameworks */,
				17D5FE24217A71E10023E266 /* Resources */,
			);
			buildRules = (
			);
			dependencies = (
				17D5FE28217A71E10023E266 /* PBXTargetDependency */,
			);
			name = ProtoBlueUITests;
			productName = ProtoBlueUITests;
			productReference = 17D5FE26217A71E10023E266 /* ProtoBlueUITests.xctest */;
			productType = "com.apple.product-type.bundle.ui-testing";
		};
/* End PBXNativeTarget section */

/* Begin PBXProject section */
		17D5FDF8217A71DF0023E266 /* Project object */ = {
			isa = PBXProject;
			attributes = {
				LastUpgradeCheck = 1000;
				ORGANIZATIONNAME = "CodeLife-Productions";
				TargetAttributes = {
					17D5FDFF217A71DF0023E266 = {
						CreatedOnToolsVersion = 10.0;
						LastSwiftMigration = 1000;
					};
					17D5FE1A217A71E10023E266 = {
						CreatedOnToolsVersion = 10.0;
						TestTargetID = 17D5FDFF217A71DF0023E266;
					};
					17D5FE25217A71E10023E266 = {
						CreatedOnToolsVersion = 10.0;
						TestTargetID = 17D5FDFF217A71DF0023E266;
					};
				};
			};
			buildConfigurationList = 17D5FDFB217A71DF0023E266 /* Build configuration list for PBXProject "ProtoBlue" */;
			compatibilityVersion = "Xcode 9.3";
			developmentRegion = en;
			hasScannedForEncodings = 0;
			knownRegions = (
				en,
				Base,
			);
			mainGroup = 17D5FDF7217A71DF0023E266;
			productRefGroup = 17D5FE01217A71DF0023E266 /* Products */;
			projectDirPath = "";
			projectRoot = "";
			targets = (
				17D5FDFF217A71DF0023E266 /* ProtoBlue */,
				17D5FE1A217A71E10023E266 /* ProtoBlueTests */,
				17D5FE25217A71E10023E266 /* ProtoBlueUITests */,
			);
		};
/* End PBXProject section */

/* Begin PBXResourcesBuildPhase section */
		17D5FDFE217A71DF0023E266 /* Resources */ = {
			isa = PBXResourcesBuildPhase;
			buildActionMask = 2147483647;
			files = (
				17D5FE42217A75910023E266 /* ProtoBlue_Entitlements.plist in Resources */,
				17D5FE10217A71E10023E266 /* Assets.xcassets in Resources */,
			);
			runOnlyForDeploymentPostprocessing = 0;
		};
		17D5FE19217A71E10023E266 /* Resources */ = {
			isa = PBXResourcesBuildPhase;
			buildActionMask = 2147483647;
			files = (
			);
			runOnlyForDeploymentPostprocessing = 0;
		};
		17D5FE24217A71E10023E266 /* Resources */ = {
			isa = PBXResourcesBuildPhase;
			buildActionMask = 2147483647;
			files = (
			);
			runOnlyForDeploymentPostprocessing = 0;
		};
/* End PBXResourcesBuildPhase section */

/* Begin PBXSourcesBuildPhase section */
		17D5FDFC217A71DF0023E266 /* Sources */ = {
			isa = PBXSourcesBuildPhase;
			buildActionMask = 2147483647;
			files = (
				17D5FE62217A95770023E266 /* LoadingModalView.swift in Sources */,
				17D5FE3C217A74CA0023E266 /* InterfaceController.swift in Sources */,
				17D5FE57217A7FF40023E266 /* DebugViewController.swift in Sources */,
				17D5FE0E217A71DF0023E266 /* ProtoBlue.xcdatamodeld in Sources */,
				17D5FE16217A71E10023E266 /* main.m in Sources */,
				17D5FE05217A71DF0023E266 /* AppDelegate.m in Sources */,
				17D5FE5B217A803E0023E266 /* BluetoothViewController.swift in Sources */,
				17D5FE59217A80190023E266 /* LedControlViewController.swift in Sources */,
				17D5FE55217A7FD00023E266 /* HomeViewController.swift in Sources */,
				17D5FE9F217AAEF40023E266 /* CLPOperation.m in Sources */,
				17D5FE5D217A81070023E266 /* FlashMemViewController.swift in Sources */,
				17D5FE60217A88140023E266 /* CLPDevice.m in Sources */,
			);
			runOnlyForDeploymentPostprocessing = 0;
		};
		17D5FE17217A71E10023E266 /* Sources */ = {
			isa = PBXSourcesBuildPhase;
			buildActionMask = 2147483647;
			files = (
				17D5FE20217A71E10023E266 /* ProtoBlueTests.m in Sources */,
			);
			runOnlyForDeploymentPostprocessing = 0;
		};
		17D5FE22217A71E10023E266 /* Sources */ = {
			isa = PBXSourcesBuildPhase;
			buildActionMask = 2147483647;
			files = (
				17D5FE2B217A71E10023E266 /* ProtoBlueUITests.m in Sources */,
			);
			runOnlyForDeploymentPostprocessing = 0;
		};
/* End PBXSourcesBuildPhase section */

/* Begin PBXTargetDependency section */
		17D5FE1D217A71E10023E266 /* PBXTargetDependency */ = {
			isa = PBXTargetDependency;
			target = 17D5FDFF217A71DF0023E266 /* ProtoBlue */;
			targetProxy = 17D5FE1C217A71E10023E266 /* PBXContainerItemProxy */;
		};
		17D5FE28217A71E10023E266 /* PBXTargetDependency */ = {
			isa = PBXTargetDependency;
			target = 17D5FDFF217A71DF0023E266 /* ProtoBlue */;
			targetProxy = 17D5FE27217A71E10023E266 /* PBXContainerItemProxy */;
		};
/* End PBXTargetDependency section */

/* Begin XCBuildConfiguration section */
		17D5FE2D217A71E10023E266 /* Debug */ = {
			isa = XCBuildConfiguration;
			buildSettings = {
				ALWAYS_SEARCH_USER_PATHS = NO;
				CLANG_ANALYZER_NONNULL = YES;
				CLANG_ANALYZER_NUMBER_OBJECT_CONVERSION = YES_AGGRESSIVE;
				CLANG_CXX_LANGUAGE_STANDARD = "gnu++14";
				CLANG_CXX_LIBRARY = "libc++";
				CLANG_ENABLE_MODULES = YES;
				CLANG_ENABLE_OBJC_ARC = YES;
				CLANG_ENABLE_OBJC_WEAK = YES;
				CLANG_WARN_BLOCK_CAPTURE_AUTORELEASING = YES;
				CLANG_WARN_BOOL_CONVERSION = YES;
				CLANG_WARN_COMMA = YES;
				CLANG_WARN_CONSTANT_CONVERSION = YES;
				CLANG_WARN_DEPRECATED_OBJC_IMPLEMENTATIONS = YES;
				CLANG_WARN_DIRECT_OBJC_ISA_USAGE = YES_ERROR;
				CLANG_WARN_DOCUMENTATION_COMMENTS = YES;
				CLANG_WARN_EMPTY_BODY = YES;
				CLANG_WARN_ENUM_CONVERSION = YES;
				CLANG_WARN_INFINITE_RECURSION = YES;
				CLANG_WARN_INT_CONVERSION = YES;
				CLANG_WARN_NON_LITERAL_NULL_CONVERSION = YES;
				CLANG_WARN_OBJC_IMPLICIT_RETAIN_SELF = YES;
				CLANG_WARN_OBJC_LITERAL_CONVERSION = YES;
				CLANG_WARN_OBJC_ROOT_CLASS = YES_ERROR;
				CLANG_WARN_RANGE_LOOP_ANALYSIS = YES;
				CLANG_WARN_STRICT_PROTOTYPES = YES;
				CLANG_WARN_SUSPICIOUS_MOVE = YES;
				CLANG_WARN_UNGUARDED_AVAILABILITY = YES_AGGRESSIVE;
				CLANG_WARN_UNREACHABLE_CODE = YES;
				CLANG_WARN__DUPLICATE_METHOD_MATCH = YES;
				CODE_SIGN_IDENTITY = "iPhone Developer";
				COPY_PHASE_STRIP = NO;
				DEBUG_INFORMATION_FORMAT = dwarf;
				ENABLE_STRICT_OBJC_MSGSEND = YES;
				ENABLE_TESTABILITY = YES;
				GCC_C_LANGUAGE_STANDARD = gnu11;
				GCC_DYNAMIC_NO_PIC = NO;
				GCC_NO_COMMON_BLOCKS = YES;
				GCC_OPTIMIZATION_LEVEL = 0;
				GCC_PREPROCESSOR_DEFINITIONS = (
					"DEBUG=1",
					"$(inherited)",
				);
				GCC_WARN_64_TO_32_BIT_CONVERSION = YES;
				GCC_WARN_ABOUT_RETURN_TYPE = YES_ERROR;
				GCC_WARN_UNDECLARED_SELECTOR = YES;
				GCC_WARN_UNINITIALIZED_AUTOS = YES_AGGRESSIVE;
				GCC_WARN_UNUSED_FUNCTION = YES;
				GCC_WARN_UNUSED_VARIABLE = YES;
				IPHONEOS_DEPLOYMENT_TARGET = 12.0;
				MTL_ENABLE_DEBUG_INFO = INCLUDE_SOURCE;
				MTL_FAST_MATH = YES;
				ONLY_ACTIVE_ARCH = YES;
				SDKROOT = iphoneos;
			};
			name = Debug;
		};
		17D5FE2E217A71E10023E266 /* Release */ = {
			isa = XCBuildConfiguration;
			buildSettings = {
				ALWAYS_SEARCH_USER_PATHS = NO;
				CLANG_ANALYZER_NONNULL = YES;
				CLANG_ANALYZER_NUMBER_OBJECT_CONVERSION = YES_AGGRESSIVE;
				CLANG_CXX_LANGUAGE_STANDARD = "gnu++14";
				CLANG_CXX_LIBRARY = "libc++";
				CLANG_ENABLE_MODULES = YES;
				CLANG_ENABLE_OBJC_ARC = YES;
				CLANG_ENABLE_OBJC_WEAK = YES;
				CLANG_WARN_BLOCK_CAPTURE_AUTORELEASING = YES;
				CLANG_WARN_BOOL_CONVERSION = YES;
				CLANG_WARN_COMMA = YES;
				CLANG_WARN_CONSTANT_CONVERSION = YES;
				CLANG_WARN_DEPRECATED_OBJC_IMPLEMENTATIONS = YES;
				CLANG_WARN_DIRECT_OBJC_ISA_USAGE = YES_ERROR;
				CLANG_WARN_DOCUMENTATION_COMMENTS = YES;
				CLANG_WARN_EMPTY_BODY = YES;
				CLANG_WARN_ENUM_CONVERSION = YES;
				CLANG_WARN_INFINITE_RECURSION = YES;
				CLANG_WARN_INT_CONVERSION = YES;
				CLANG_WARN_NON_LITERAL_NULL_CONVERSION = YES;
				CLANG_WARN_OBJC_IMPLICIT_RETAIN_SELF = YES;
				CLANG_WARN_OBJC_LITERAL_CONVERSION = YES;
				CLANG_WARN_OBJC_ROOT_CLASS = YES_ERROR;
				CLANG_WARN_RANGE_LOOP_ANALYSIS = YES;
				CLANG_WARN_STRICT_PROTOTYPES = YES;
				CLANG_WARN_SUSPICIOUS_MOVE = YES;
				CLANG_WARN_UNGUARDED_AVAILABILITY = YES_AGGRESSIVE;
				CLANG_WARN_UNREACHABLE_CODE = YES;
				CLANG_WARN__DUPLICATE_METHOD_MATCH = YES;
				CODE_SIGN_IDENTITY = "iPhone Developer";
				COPY_PHASE_STRIP = NO;
				DEBUG_INFORMATION_FORMAT = "dwarf-with-dsym";
				ENABLE_NS_ASSERTIONS = NO;
				ENABLE_STRICT_OBJC_MSGSEND = YES;
				GCC_C_LANGUAGE_STANDARD = gnu11;
				GCC_NO_COMMON_BLOCKS = YES;
				GCC_WARN_64_TO_32_BIT_CONVERSION = YES;
				GCC_WARN_ABOUT_RETURN_TYPE = YES_ERROR;
				GCC_WARN_UNDECLARED_SELECTOR = YES;
				GCC_WARN_UNINITIALIZED_AUTOS = YES_AGGRESSIVE;
				GCC_WARN_UNUSED_FUNCTION = YES;
				GCC_WARN_UNUSED_VARIABLE = YES;
				IPHONEOS_DEPLOYMENT_TARGET = 12.0;
				MTL_ENABLE_DEBUG_INFO = NO;
				MTL_FAST_MATH = YES;
				SDKROOT = iphoneos;
				VALIDATE_PRODUCT = YES;
			};
			name = Release;
		};
		17D5FE30217A71E10023E266 /* Debug */ = {
			isa = XCBuildConfiguration;
			buildSettings = {
				ASSETCATALOG_COMPILER_APPICON_NAME = AppIcon;
				CLANG_ENABLE_MODULES = YES;
				CODE_SIGN_STYLE = Automatic;
				DEVELOPMENT_TEAM = K2EH573CUQ;
				INFOPLIST_FILE = ProtoBlue/Info.plist;
				LD_RUNPATH_SEARCH_PATHS = (
					"$(inherited)",
					"@executable_path/Frameworks",
				);
				PRODUCT_BUNDLE_IDENTIFIER = "CodeLife-Productions.ProtoBlue";
				PRODUCT_NAME = "$(TARGET_NAME)";
				SWIFT_OBJC_BRIDGING_HEADER = "ProtoBlue/Supporting Files/ProtoBlue-Bridging-Header.h";
				SWIFT_OPTIMIZATION_LEVEL = "-Onone";
				SWIFT_VERSION = 4.2;
				TARGETED_DEVICE_FAMILY = "1,2";
			};
			name = Debug;
		};
		17D5FE31217A71E10023E266 /* Release */ = {
			isa = XCBuildConfiguration;
			buildSettings = {
				ASSETCATALOG_COMPILER_APPICON_NAME = AppIcon;
				CLANG_ENABLE_MODULES = YES;
				CODE_SIGN_STYLE = Automatic;
				DEVELOPMENT_TEAM = K2EH573CUQ;
				INFOPLIST_FILE = ProtoBlue/Info.plist;
				LD_RUNPATH_SEARCH_PATHS = (
					"$(inherited)",
					"@executable_path/Frameworks",
				);
				PRODUCT_BUNDLE_IDENTIFIER = "CodeLife-Productions.ProtoBlue";
				PRODUCT_NAME = "$(TARGET_NAME)";
				SWIFT_OBJC_BRIDGING_HEADER = "ProtoBlue/Supporting Files/ProtoBlue-Bridging-Header.h";
				SWIFT_VERSION = 4.2;
				TARGETED_DEVICE_FAMILY = "1,2";
			};
			name = Release;
		};
		17D5FE33217A71E10023E266 /* Debug */ = {
			isa = XCBuildConfiguration;
			buildSettings = {
				ALWAYS_EMBED_SWIFT_STANDARD_LIBRARIES = YES;
				BUNDLE_LOADER = "$(TEST_HOST)";
				CODE_SIGN_STYLE = Automatic;
				DEVELOPMENT_TEAM = K2EH573CUQ;
				INFOPLIST_FILE = ProtoBlueTests/Info.plist;
				LD_RUNPATH_SEARCH_PATHS = (
					"$(inherited)",
					"@executable_path/Frameworks",
					"@loader_path/Frameworks",
				);
				PRODUCT_BUNDLE_IDENTIFIER = "CodeLife-Productions.ProtoBlueTests";
				PRODUCT_NAME = "$(TARGET_NAME)";
				TARGETED_DEVICE_FAMILY = "1,2";
				TEST_HOST = "$(BUILT_PRODUCTS_DIR)/ProtoBlue.app/ProtoBlue";
			};
			name = Debug;
		};
		17D5FE34217A71E10023E266 /* Release */ = {
			isa = XCBuildConfiguration;
			buildSettings = {
				ALWAYS_EMBED_SWIFT_STANDARD_LIBRARIES = YES;
				BUNDLE_LOADER = "$(TEST_HOST)";
				CODE_SIGN_STYLE = Automatic;
				DEVELOPMENT_TEAM = K2EH573CUQ;
				INFOPLIST_FILE = ProtoBlueTests/Info.plist;
				LD_RUNPATH_SEARCH_PATHS = (
					"$(inherited)",
					"@executable_path/Frameworks",
					"@loader_path/Frameworks",
				);
				PRODUCT_BUNDLE_IDENTIFIER = "CodeLife-Productions.ProtoBlueTests";
				PRODUCT_NAME = "$(TARGET_NAME)";
				TARGETED_DEVICE_FAMILY = "1,2";
				TEST_HOST = "$(BUILT_PRODUCTS_DIR)/ProtoBlue.app/ProtoBlue";
			};
			name = Release;
		};
		17D5FE36217A71E10023E266 /* Debug */ = {
			isa = XCBuildConfiguration;
			buildSettings = {
				ALWAYS_EMBED_SWIFT_STANDARD_LIBRARIES = YES;
				CODE_SIGN_STYLE = Automatic;
				DEVELOPMENT_TEAM = K2EH573CUQ;
				INFOPLIST_FILE = ProtoBlueUITests/Info.plist;
				LD_RUNPATH_SEARCH_PATHS = (
					"$(inherited)",
					"@executable_path/Frameworks",
					"@loader_path/Frameworks",
				);
				PRODUCT_BUNDLE_IDENTIFIER = "CodeLife-Productions.ProtoBlueUITests";
				PRODUCT_NAME = "$(TARGET_NAME)";
				TARGETED_DEVICE_FAMILY = "1,2";
				TEST_TARGET_NAME = ProtoBlue;
			};
			name = Debug;
		};
		17D5FE37217A71E10023E266 /* Release */ = {
			isa = XCBuildConfiguration;
			buildSettings = {
				ALWAYS_EMBED_SWIFT_STANDARD_LIBRARIES = YES;
				CODE_SIGN_STYLE = Automatic;
				DEVELOPMENT_TEAM = K2EH573CUQ;
				INFOPLIST_FILE = ProtoBlueUITests/Info.plist;
				LD_RUNPATH_SEARCH_PATHS = (
					"$(inherited)",
					"@executable_path/Frameworks",
					"@loader_path/Frameworks",
				);
				PRODUCT_BUNDLE_IDENTIFIER = "CodeLife-Productions.ProtoBlueUITests";
				PRODUCT_NAME = "$(TARGET_NAME)";
				TARGETED_DEVICE_FAMILY = "1,2";
				TEST_TARGET_NAME = ProtoBlue;
			};
			name = Release;
		};
/* End XCBuildConfiguration section */

/* Begin XCConfigurationList section */
		17D5FDFB217A71DF0023E266 /* Build configuration list for PBXProject "ProtoBlue" */ = {
			isa = XCConfigurationList;
			buildConfigurations = (
				17D5FE2D217A71E10023E266 /* Debug */,
				17D5FE2E217A71E10023E266 /* Release */,
			);
			defaultConfigurationIsVisible = 0;
			defaultConfigurationName = Release;
		};
		17D5FE2F217A71E10023E266 /* Build configuration list for PBXNativeTarget "ProtoBlue" */ = {
			isa = XCConfigurationList;
			buildConfigurations = (
				17D5FE30217A71E10023E266 /* Debug */,
				17D5FE31217A71E10023E266 /* Release */,
			);
			defaultConfigurationIsVisible = 0;
			defaultConfigurationName = Release;
		};
		17D5FE32217A71E10023E266 /* Build configuration list for PBXNativeTarget "ProtoBlueTests" */ = {
			isa = XCConfigurationList;
			buildConfigurations = (
				17D5FE33217A71E10023E266 /* Debug */,
				17D5FE34217A71E10023E266 /* Release */,
			);
			defaultConfigurationIsVisible = 0;
			defaultConfigurationName = Release;
		};
		17D5FE35217A71E10023E266 /* Build configuration list for PBXNativeTarget "ProtoBlueUITests" */ = {
			isa = XCConfigurationList;
			buildConfigurations = (
				17D5FE36217A71E10023E266 /* Debug */,
				17D5FE37217A71E10023E266 /* Release */,
			);
			defaultConfigurationIsVisible = 0;
			defaultConfigurationName = Release;
		};
/* End XCConfigurationList section */

/* Begin XCVersionGroup section */
		17D5FE0C217A71DF0023E266 /* ProtoBlue.xcdatamodeld */ = {
			isa = XCVersionGroup;
			children = (
				17D5FE0D217A71DF0023E266 /* ProtoBlue.xcdatamodel */,
			);
			currentVersion = 17D5FE0D217A71DF0023E266 /* ProtoBlue.xcdatamodel */;
			path = ProtoBlue.xcdatamodeld;
			sourceTree = "<group>";
			versionGroupType = wrapper.xcdatamodel;
		};
/* End XCVersionGroup section */
	};
	rootObject = 17D5FDF8217A71DF0023E266 /* Project object */;
}
